
Microsoft Visual Studio Solution File, Format Version 12.00
# Visual Studio 15
VisualStudioVersion = 15.0.28010.2041
MinimumVisualStudioVersion = 10.0.40219.1
Project("{FAE04EC0-301F-11D3-BF4B-00C04F79EFBC}") = "ExerciseClass7", "ExerciseClass7\ExerciseClass7.csproj", "{29C273CF-7FDE-414C-B5DF-473D48D15848}"
EndProject
Global
	GlobalSection(SolutionConfigurationPlatforms) = preSolution
		Debug|Any CPU = Debug|Any CPU
		Release|Any CPU = Release|Any CPU
	EndGlobalSection
	GlobalSection(ProjectConfigurationPlatforms) = postSolution
		{29C273CF-7FDE-414C-B5DF-473D48D15848}.Debug|Any CPU.ActiveCfg = Debug|Any CPU
		{29C273CF-7FDE-414C-B5DF-473D48D15848}.Debug|Any CPU.Build.0 = Debug|Any CPU
		{29C273CF-7FDE-414C-B5DF-473D48D15848}.Release|Any CPU.ActiveCfg = Release|Any CPU
		{29C273CF-7FDE-414C-B5DF-473D48D15848}.Release|Any CPU.Build.0 = Release|Any CPU
	EndGlobalSection
	GlobalSection(SolutionProperties) = preSolution
		HideSolutionNode = FALSE
	EndGlobalSection
	GlobalSection(ExtensibilityGlobals) = postSolution
		SolutionGuid = {06E94B58-207C-4165-9F23-F66CC6D368F8}
	EndGlobalSection
EndGlobal
