
Microsoft Visual Studio Solution File, Format Version 12.00
# Visual Studio 15
VisualStudioVersion = 15.0.28010.2041
MinimumVisualStudioVersion = 10.0.40219.1
Project("{FAE04EC0-301F-11D3-BF4B-00C04F79EFBC}") = "VezbiCas", "VezbiCas\VezbiCas.csproj", "{FA9E44CF-A458-40D2-8912-669E6DB55525}"
EndProject
Global
	GlobalSection(SolutionConfigurationPlatforms) = preSolution
		Debug|Any CPU = Debug|Any CPU
		Release|Any CPU = Release|Any CPU
	EndGlobalSection
	GlobalSection(ProjectConfigurationPlatforms) = postSolution
		{FA9E44CF-A458-40D2-8912-669E6DB55525}.Debug|Any CPU.ActiveCfg = Debug|Any CPU
		{FA9E44CF-A458-40D2-8912-669E6DB55525}.Debug|Any CPU.Build.0 = Debug|Any CPU
		{FA9E44CF-A458-40D2-8912-669E6DB55525}.Release|Any CPU.ActiveCfg = Release|Any CPU
		{FA9E44CF-A458-40D2-8912-669E6DB55525}.Release|Any CPU.Build.0 = Release|Any CPU
	EndGlobalSection
	GlobalSection(SolutionProperties) = preSolution
		HideSolutionNode = FALSE
	EndGlobalSection
	GlobalSection(ExtensibilityGlobals) = postSolution
		SolutionGuid = {67BA742A-82BE-4C48-B0B0-E864D2AA5981}
	EndGlobalSection
EndGlobal
