
Microsoft Visual Studio Solution File, Format Version 12.00
# Visual Studio 15
VisualStudioVersion = 15.0.28010.2041
MinimumVisualStudioVersion = 10.0.40219.1
Project("{FAE04EC0-301F-11D3-BF4B-00C04F79EFBC}") = "Class5", "Class5\Class5.csproj", "{FDCC2CA8-21D6-4BB4-B232-6F1A34D4E880}"
EndProject
Global
	GlobalSection(SolutionConfigurationPlatforms) = preSolution
		Debug|Any CPU = Debug|Any CPU
		Release|Any CPU = Release|Any CPU
	EndGlobalSection
	GlobalSection(ProjectConfigurationPlatforms) = postSolution
		{FDCC2CA8-21D6-4BB4-B232-6F1A34D4E880}.Debug|Any CPU.ActiveCfg = Debug|Any CPU
		{FDCC2CA8-21D6-4BB4-B232-6F1A34D4E880}.Debug|Any CPU.Build.0 = Debug|Any CPU
		{FDCC2CA8-21D6-4BB4-B232-6F1A34D4E880}.Release|Any CPU.ActiveCfg = Release|Any CPU
		{FDCC2CA8-21D6-4BB4-B232-6F1A34D4E880}.Release|Any CPU.Build.0 = Release|Any CPU
	EndGlobalSection
	GlobalSection(SolutionProperties) = preSolution
		HideSolutionNode = FALSE
	EndGlobalSection
	GlobalSection(ExtensibilityGlobals) = postSolution
		SolutionGuid = {09F7FCD2-1982-419B-A050-AAD76C5CF8D6}
	EndGlobalSection
EndGlobal
