
Microsoft Visual Studio Solution File, Format Version 12.00
# Visual Studio 15
VisualStudioVersion = 15.0.28010.2041
MinimumVisualStudioVersion = 10.0.40219.1
Project("{FAE04EC0-301F-11D3-BF4B-00C04F79EFBC}") = "PCShop", "PCShop\PCShop.csproj", "{4AA0DBA8-98F4-417B-8D72-86D6A5C7B0C3}"
EndProject
Global
	GlobalSection(SolutionConfigurationPlatforms) = preSolution
		Debug|Any CPU = Debug|Any CPU
		Release|Any CPU = Release|Any CPU
	EndGlobalSection
	GlobalSection(ProjectConfigurationPlatforms) = postSolution
		{4AA0DBA8-98F4-417B-8D72-86D6A5C7B0C3}.Debug|Any CPU.ActiveCfg = Debug|Any CPU
		{4AA0DBA8-98F4-417B-8D72-86D6A5C7B0C3}.Debug|Any CPU.Build.0 = Debug|Any CPU
		{4AA0DBA8-98F4-417B-8D72-86D6A5C7B0C3}.Release|Any CPU.ActiveCfg = Release|Any CPU
		{4AA0DBA8-98F4-417B-8D72-86D6A5C7B0C3}.Release|Any CPU.Build.0 = Release|Any CPU
	EndGlobalSection
	GlobalSection(SolutionProperties) = preSolution
		HideSolutionNode = FALSE
	EndGlobalSection
	GlobalSection(ExtensibilityGlobals) = postSolution
		SolutionGuid = {4085EBDE-7147-46DD-A3A9-8D0DFF29BDE3}
	EndGlobalSection
EndGlobal
